
Microsoft Visual Studio Solution File, Format Version 12.00
# Visual Studio Version 17
VisualStudioVersion = 17.0.32112.339
MinimumVisualStudioVersion = 10.0.40219.1
Project("{9A19103F-16F7-4668-BE54-9A1E7A4F7556}") = "TelegramAutoForwardBot", "TelegramAutoForwardBot.csproj", "{66E5ED16-E7C3-43F1-B175-96463E6D6D10}"
EndProject
Global
	GlobalSection(SolutionConfigurationPlatforms) = preSolution
		Debug|Any CPU = Debug|Any CPU
		Release|Any CPU = Release|Any CPU
	EndGlobalSection
	GlobalSection(ProjectConfigurationPlatforms) = postSolution
		{66E5ED16-E7C3-43F1-B175-96463E6D6D10}.Debug|Any CPU.ActiveCfg = Debug|Any CPU
		{66E5ED16-E7C3-43F1-B175-96463E6D6D10}.Debug|Any CPU.Build.0 = Debug|Any CPU
		{66E5ED16-E7C3-43F1-B175-96463E6D6D10}.Release|Any CPU.ActiveCfg = Release|Any CPU
		{66E5ED16-E7C3-43F1-B175-96463E6D6D10}.Release|Any CPU.Build.0 = Release|Any CPU
	EndGlobalSection
	GlobalSection(SolutionProperties) = preSolution
		HideSolutionNode = FALSE
	EndGlobalSection
	GlobalSection(ExtensibilityGlobals) = postSolution
		SolutionGuid = {08C6AC0A-A938-4BC1-8556-0594EF99CBF9}
	EndGlobalSection
EndGlobal
